
Microsoft Visual Studio Solution File, Format Version 12.00
Project("{FAE04EC0-301F-11D3-BF4B-00C04F79EFBC}") = "EndToEnd.Tests", "EndToEnd.Tests\EndToEnd.Tests.csproj", "{9CC4353E-F888-47DA-B556-89E5DDFBF83B}"
EndProject
Global
	GlobalSection(SolutionConfigurationPlatforms) = preSolution
		Debug|Any CPU = Debug|Any CPU
		Release|Any CPU = Release|Any CPU
	EndGlobalSection
	GlobalSection(ProjectConfigurationPlatforms) = postSolution
		{9CC4353E-F888-47DA-B556-89E5DDFBF83B}.Debug|Any CPU.ActiveCfg = Debug|Any CPU
		{9CC4353E-F888-47DA-B556-89E5DDFBF83B}.Debug|Any CPU.Build.0 = Debug|Any CPU
		{9CC4353E-F888-47DA-B556-89E5DDFBF83B}.Release|Any CPU.ActiveCfg = Release|Any CPU
		{9CC4353E-F888-47DA-B556-89E5DDFBF83B}.Release|Any CPU.Build.0 = Release|Any CPU
	EndGlobalSection
EndGlobal
